
Microsoft Visual Studio Solution File, Format Version 12.00
# Visual Studio 15
VisualStudioVersion = 15.0.28307.489
MinimumVisualStudioVersion = 10.0.40219.1
Project("{FAE04EC0-301F-11D3-BF4B-00C04F79EFBC}") = "FunWithGeometry", "FunWithGeometry\FunWithGeometry.csproj", "{795F46B4-E19B-4F1A-A262-8C1818B20C96}"
EndProject
Project("{FAE04EC0-301F-11D3-BF4B-00C04F79EFBC}") = "FunWithGeometry.Tests", "FunWithGeometry.Tests\FunWithGeometry.Tests.csproj", "{DD64666A-2914-45FD-9FAD-B8FF11388843}"
EndProject
Project("{2150E333-8FDC-42A3-9474-1A3956D46DE8}") = "Solution Items", "Solution Items", "{2BE726EB-EF0A-4D8B-99BD-39D915F99E9E}"
	ProjectSection(SolutionItems) = preProject
		readme.md = readme.md
	EndProjectSection
EndProject
Global
	GlobalSection(SolutionConfigurationPlatforms) = preSolution
		Debug|Any CPU = Debug|Any CPU
		Release|Any CPU = Release|Any CPU
	EndGlobalSection
	GlobalSection(ProjectConfigurationPlatforms) = postSolution
		{795F46B4-E19B-4F1A-A262-8C1818B20C96}.Debug|Any CPU.ActiveCfg = Debug|Any CPU
		{795F46B4-E19B-4F1A-A262-8C1818B20C96}.Debug|Any CPU.Build.0 = Debug|Any CPU
		{795F46B4-E19B-4F1A-A262-8C1818B20C96}.Release|Any CPU.ActiveCfg = Release|Any CPU
		{795F46B4-E19B-4F1A-A262-8C1818B20C96}.Release|Any CPU.Build.0 = Release|Any CPU
		{DD64666A-2914-45FD-9FAD-B8FF11388843}.Debug|Any CPU.ActiveCfg = Debug|Any CPU
		{DD64666A-2914-45FD-9FAD-B8FF11388843}.Debug|Any CPU.Build.0 = Debug|Any CPU
		{DD64666A-2914-45FD-9FAD-B8FF11388843}.Release|Any CPU.ActiveCfg = Release|Any CPU
		{DD64666A-2914-45FD-9FAD-B8FF11388843}.Release|Any CPU.Build.0 = Release|Any CPU
	EndGlobalSection
	GlobalSection(SolutionProperties) = preSolution
		HideSolutionNode = FALSE
	EndGlobalSection
	GlobalSection(ExtensibilityGlobals) = postSolution
		SolutionGuid = {C6B89963-BAA4-427B-8D5A-66AB4FCE421E}
	EndGlobalSection
EndGlobal
